// !$*UTF8*$!
{
	archiveVersion = 1;
	classes = {
	};
	objectVersion = 46;
	objects = {

/* Begin PBXBuildFile section */
		0061401D1B6F16F500C3C943 /* main.m in Sources */ = {isa = PBXBuildFile; fileRef = 0061401C1B6F16F500C3C943 /* main.m */; };
		006140201B6F16F500C3C943 /* AppDelegate.m in Sources */ = {isa = PBXBuildFile; fileRef = 0061401F1B6F16F500C3C943 /* AppDelegate.m */; };
		006140231B6F16F500C3C943 /* PBFirstProject.xcdatamodeld in Sources */ = {isa = PBXBuildFile; fileRef = 006140211B6F16F500C3C943 /* PBFirstProject.xcdatamodeld */; };
		006140261B6F16F500C3C943 /* ViewController.m in Sources */ = {isa = PBXBuildFile; fileRef = 006140251B6F16F500C3C943 /* ViewController.m */; };
		006140291B6F16F500C3C943 /* Main.storyboard in Resources */ = {isa = PBXBuildFile; fileRef = 006140271B6F16F500C3C943 /* Main.storyboard */; };
		0061402B1B6F16F500C3C943 /* Images.xcassets in Resources */ = {isa = PBXBuildFile; fileRef = 0061402A1B6F16F500C3C943 /* Images.xcassets */; };
		0061402E1B6F16F500C3C943 /* LaunchScreen.xib in Resources */ = {isa = PBXBuildFile; fileRef = 0061402C1B6F16F500C3C943 /* LaunchScreen.xib */; };
		0061403A1B6F16F500C3C943 /* PBFirstProjectTests.m in Sources */ = {isa = PBXBuildFile; fileRef = 006140391B6F16F500C3C943 /* PBFirstProjectTests.m */; };
/* End PBXBuildFile section */

/* Begin PBXContainerItemProxy section */
		006140341B6F16F500C3C943 /* PBXContainerItemProxy */ = {
			isa = PBXContainerItemProxy;
			containerPortal = 0061400F1B6F16F500C3C943 /* Project object */;
			proxyType = 1;
			remoteGlobalIDString = 006140161B6F16F500C3C943;
			remoteInfo = PBFirstProject;
		};
/* End PBXContainerItemProxy section */

/* Begin PBXFileReference section */
		006140171B6F16F500C3C943 /* PBFirstProject.app */ = {isa = PBXFileReference; explicitFileType = wrapper.application; includeInIndex = 0; path = PBFirstProject.app; sourceTree = BUILT_PRODUCTS_DIR; };
		0061401B1B6F16F500C3C943 /* Info.plist */ = {isa = PBXFileReference; lastKnownFileType = text.plist.xml; path = Info.plist; sourceTree = "<group>"; };
		0061401C1B6F16F500C3C943 /* main.m */ = {isa = PBXFileReference; lastKnownFileType = sourcecode.c.objc; path = main.m; sourceTree = "<group>"; };
		0061401E1B6F16F500C3C943 /* AppDelegate.h */ = {isa = PBXFileReference; lastKnownFileType = sourcecode.c.h; path = AppDelegate.h; sourceTree = "<group>"; };
		0061401F1B6F16F500C3C943 /* AppDelegate.m */ = {isa = PBXFileReference; lastKnownFileType = sourcecode.c.objc; path = AppDelegate.m; sourceTree = "<group>"; };
		006140221B6F16F500C3C943 /* PBFirstProject.xcdatamodel */ = {isa = PBXFileReference; lastKnownFileType = wrapper.xcdatamodel; path = PBFirstProject.xcdatamodel; sourceTree = "<group>"; };
		006140241B6F16F500C3C943 /* ViewController.h */ = {isa = PBXFileReference; lastKnownFileType = sourcecode.c.h; path = ViewController.h; sourceTree = "<group>"; };
		006140251B6F16F500C3C943 /* ViewController.m */ = {isa = PBXFileReference; lastKnownFileType = sourcecode.c.objc; path = ViewController.m; sourceTree = "<group>"; };
		006140281B6F16F500C3C943 /* Base */ = {isa = PBXFileReference; lastKnownFileType = file.storyboard; name = Base; path = Base.lproj/Main.storyboard; sourceTree = "<group>"; };
		0061402A1B6F16F500C3C943 /* Images.xcassets */ = {isa = PBXFileReference; lastKnownFileType = folder.assetcatalog; path = Images.xcassets; sourceTree = "<group>"; };
		0061402D1B6F16F500C3C943 /* Base */ = {isa = PBXFileReference; lastKnownFileType = file.xib; name = Base; path = Base.lproj/LaunchScreen.xib; sourceTree = "<group>"; };
		006140331B6F16F500C3C943 /* PBFirstProjectTests.xctest */ = {isa = PBXFileReference; explicitFileType = wrapper.cfbundle; includeInIndex = 0; path = PBFirstProjectTests.xctest; sourceTree = BUILT_PRODUCTS_DIR; };
		006140381B6F16F500C3C943 /* Info.plist */ = {isa = PBXFileReference; lastKnownFileType = text.plist.xml; path = Info.plist; sourceTree = "<group>"; };
		006140391B6F16F500C3C943 /* PBFirstProjectTests.m */ = {isa = PBXFileReference; lastKnownFileType = sourcecode.c.objc; path = PBFirstProjectTests.m; sourceTree = "<group>"; };
/* End PBXFileReference section */

/* Begin PBXFrameworksBuildPhase section */
		006140141B6F16F500C3C943 /* Frameworks */ = {
			isa = PBXFrameworksBuildPhase;
			buildActionMask = 2147483647;
			files = (
			);
			runOnlyForDeploymentPostprocessing = 0;
		};
		006140301B6F16F500C3C943 /* Frameworks */ = {
			isa = PBXFrameworksBuildPhase;
			buildActionMask = 2147483647;
			files = (
			);
			runOnlyForDeploymentPostprocessing = 0;
		};
/* End PBXFrameworksBuildPhase section */

/* Begin PBXGroup section */
		0061400E1B6F16F500C3C943 = {
			isa = PBXGroup;
			children = (
				006140191B6F16F500C3C943 /* PBFirstProject */,
				006140361B6F16F500C3C943 /* PBFirstProjectTests */,
				006140181B6F16F500C3C943 /* Products */,
			);
			sourceTree = "<group>";
		};
		006140181B6F16F500C3C943 /* Products */ = {
			isa = PBXGroup;
			children = (
				006140171B6F16F500C3C943 /* PBFirstProject.app */,
				006140331B6F16F500C3C943 /* PBFirstProjectTests.xctest */,
			);
			name = Products;
			sourceTree = "<group>";
		};
		006140191B6F16F500C3C943 /* PBFirstProject */ = {
			isa = PBXGroup;
			children = (
				0061401E1B6F16F500C3C943 /* AppDelegate.h */,
				0061401F1B6F16F500C3C943 /* AppDelegate.m */,
				006140241B6F16F500C3C943 /* ViewController.h */,
				006140251B6F16F500C3C943 /* ViewController.m */,
				006140271B6F16F500C3C943 /* Main.storyboard */,
				0061402A1B6F16F500C3C943 /* Images.xcassets */,
				0061402C1B6F16F500C3C943 /* LaunchScreen.xib */,
				006140211B6F16F500C3C943 /* PBFirstProject.xcdatamodeld */,
				0061401A1B6F16F500C3C943 /* Supporting Files */,
			);
			path = PBFirstProject;
			sourceTree = "<group>";
		};
		0061401A1B6F16F500C3C943 /* Supporting Files */ = {
			isa = PBXGroup;
			children = (
				0061401B1B6F16F500C3C943 /* Info.plist */,
				0061401C1B6F16F500C3C943 /* main.m */,
			);
			name = "Supporting Files";
			sourceTree = "<group>";
		};
		006140361B6F16F500C3C943 /* PBFirstProjectTests */ = {
			isa = PBXGroup;
			children = (
				006140391B6F16F500C3C943 /* PBFirstProjectTests.m */,
				006140371B6F16F500C3C943 /* Supporting Files */,
			);
			path = PBFirstProjectTests;
			sourceTree = "<group>";
		};
		006140371B6F16F500C3C943 /* Supporting Files */ = {
			isa = PBXGroup;
			children = (
				006140381B6F16F500C3C943 /* Info.plist */,
			);
			name = "Supporting Files";
			sourceTree = "<group>";
		};
/* End PBXGroup section */

/* Begin PBXNativeTarget section */
		006140161B6F16F500C3C943 /* PBFirstProject */ = {
			isa = PBXNativeTarget;
			buildConfigurationList = 0061403D1B6F16F500C3C943 /* Build configuration list for PBXNativeTarget "PBFirstProject" */;
			buildPhases = (
				006140131B6F16F500C3C943 /* Sources */,
				006140141B6F16F500C3C943 /* Frameworks */,
				006140151B6F16F500C3C943 /* Resources */,
			);
			buildRules = (
			);
			dependencies = (
			);
			name = PBFirstProject;
			productName = PBFirstProject;
			productReference = 006140171B6F16F500C3C943 /* PBFirstProject.app */;
			productType = "com.apple.product-type.application";
		};
		006140321B6F16F500C3C943 /* PBFirstProjectTests */ = {
			isa = PBXNativeTarget;
			buildConfigurationList = 006140401B6F16F500C3C943 /* Build configuration list for PBXNativeTarget "PBFirstProjectTests" */;
			buildPhases = (
				0061402F1B6F16F500C3C943 /* Sources */,
				006140301B6F16F500C3C943 /* Frameworks */,
				006140311B6F16F500C3C943 /* Resources */,
			);
			buildRules = (
			);
			dependencies = (
				006140351B6F16F500C3C943 /* PBXTargetDependency */,
			);
			name = PBFirstProjectTests;
			productName = PBFirstProjectTests;
			productReference = 006140331B6F16F500C3C943 /* PBFirstProjectTests.xctest */;
			productType = "com.apple.product-type.bundle.unit-test";
		};
/* End PBXNativeTarget section */

/* Begin PBXProject section */
		0061400F1B6F16F500C3C943 /* Project object */ = {
			isa = PBXProject;
			attributes = {
				LastUpgradeCheck = 0640;
				ORGANIZATIONNAME = LiuPengBo;
				TargetAttributes = {
					006140161B6F16F500C3C943 = {
						CreatedOnToolsVersion = 6.4;
					};
					006140321B6F16F500C3C943 = {
						CreatedOnToolsVersion = 6.4;
						TestTargetID = 006140161B6F16F500C3C943;
					};
				};
			};
			buildConfigurationList = 006140121B6F16F500C3C943 /* Build configuration list for PBXProject "PBFirstProject" */;
			compatibilityVersion = "Xcode 3.2";
			developmentRegion = English;
			hasScannedForEncodings = 0;
			knownRegions = (
				en,
				Base,
			);
			mainGroup = 0061400E1B6F16F500C3C943;
			productRefGroup = 006140181B6F16F500C3C943 /* Products */;
			projectDirPath = "";
			projectRoot = "";
			targets = (
				006140161B6F16F500C3C943 /* PBFirstProject */,
				006140321B6F16F500C3C943 /* PBFirstProjectTests */,
			);
		};
/* End PBXProject section */

/* Begin PBXResourcesBuildPhase section */
		006140151B6F16F500C3C943 /* Resources */ = {
			isa = PBXResourcesBuildPhase;
			buildActionMask = 2147483647;
			files = (
				006140291B6F16F500C3C943 /* Main.storyboard in Resources */,
				0061402E1B6F16F500C3C943 /* LaunchScreen.xib in Resources */,
				0061402B1B6F16F500C3C943 /* Images.xcassets in Resources */,
			);
			runOnlyForDeploymentPostprocessing = 0;
		};
		006140311B6F16F500C3C943 /* Resources */ = {
			isa = PBXResourcesBuildPhase;
			buildActionMask = 2147483647;
			files = (
			);
			runOnlyForDeploymentPostprocessing = 0;
		};
/* End PBXResourcesBuildPhase section */

/* Begin PBXSourcesBuildPhase section */
		006140131B6F16F500C3C943 /* Sources */ = {
			isa = PBXSourcesBuildPhase;
			buildActionMask = 2147483647;
			files = (
				006140231B6F16F500C3C943 /* PBFirstProject.xcdatamodeld in Sources */,
				006140201B6F16F500C3C943 /* AppDelegate.m in Sources */,
				006140261B6F16F500C3C943 /* ViewController.m in Sources */,
				0061401D1B6F16F500C3C943 /* main.m in Sources */,
			);
			runOnlyForDeploymentPostprocessing = 0;
		};
		0061402F1B6F16F500C3C943 /* Sources */ = {
			isa = PBXSourcesBuildPhase;
			buildActionMask = 2147483647;
			files = (
				0061403A1B6F16F500C3C943 /* PBFirstProjectTests.m in Sources */,
			);
			runOnlyForDeploymentPostprocessing = 0;
		};
/* End PBXSourcesBuildPhase section */

/* Begin PBXTargetDependency section */
		006140351B6F16F500C3C943 /* PBXTargetDependency */ = {
			isa = PBXTargetDependency;
			target = 006140161B6F16F500C3C943 /* PBFirstProject */;
			targetProxy = 006140341B6F16F500C3C943 /* PBXContainerItemProxy */;
		};
/* End PBXTargetDependency section */

/* Begin PBXVariantGroup section */
		006140271B6F16F500C3C943 /* Main.storyboard */ = {
			isa = PBXVariantGroup;
			children = (
				006140281B6F16F500C3C943 /* Base */,
			);
			name = Main.storyboard;
			sourceTree = "<group>";
		};
		0061402C1B6F16F500C3C943 /* LaunchScreen.xib */ = {
			isa = PBXVariantGroup;
			children = (
				0061402D1B6F16F500C3C943 /* Base */,
			);
			name = LaunchScreen.xib;
			sourceTree = "<group>";
		};
/* End PBXVariantGroup section */

/* Begin XCBuildConfiguration section */
		0061403B1B6F16F500C3C943 /* Debug */ = {
			isa = XCBuildConfiguration;
			buildSettings = {
				ALWAYS_SEARCH_USER_PATHS = NO;
				CLANG_CXX_LANGUAGE_STANDARD = "gnu++0x";
				CLANG_CXX_LIBRARY = "libc++";
				CLANG_ENABLE_MODULES = YES;
				CLANG_ENABLE_OBJC_ARC = YES;
				CLANG_WARN_BOOL_CONVERSION = YES;
				CLANG_WARN_CONSTANT_CONVERSION = YES;
				CLANG_WARN_DIRECT_OBJC_ISA_USAGE = YES_ERROR;
				CLANG_WARN_EMPTY_BODY = YES;
				CLANG_WARN_ENUM_CONVERSION = YES;
				CLANG_WARN_INT_CONVERSION = YES;
				CLANG_WARN_OBJC_ROOT_CLASS = YES_ERROR;
				CLANG_WARN_UNREACHABLE_CODE = YES;
				CLANG_WARN__DUPLICATE_METHOD_MATCH = YES;
				"CODE_SIGN_IDENTITY[sdk=iphoneos*]" = "iPhone Developer";
				COPY_PHASE_STRIP = NO;
				DEBUG_INFORMATION_FORMAT = "dwarf-with-dsym";
				ENABLE_STRICT_OBJC_MSGSEND = YES;
				GCC_C_LANGUAGE_STANDARD = gnu99;
				GCC_DYNAMIC_NO_PIC = NO;
				GCC_NO_COMMON_BLOCKS = YES;
				GCC_OPTIMIZATION_LEVEL = 0;
				GCC_PREPROCESSOR_DEFINITIONS = (
					"DEBUG=1",
					"$(inherited)",
				);
				GCC_SYMBOLS_PRIVATE_EXTERN = NO;
				GCC_WARN_64_TO_32_BIT_CONVERSION = YES;
				GCC_WARN_ABOUT_RETURN_TYPE = YES_ERROR;
				GCC_WARN_UNDECLARED_SELECTOR = YES;
				GCC_WARN_UNINITIALIZED_AUTOS = YES_AGGRESSIVE;
				GCC_WARN_UNUSED_FUNCTION = YES;
				GCC_WARN_UNUSED_VARIABLE = YES;
				IPHONEOS_DEPLOYMENT_TARGET = 8.4;
				MTL_ENABLE_DEBUG_INFO = YES;
				ONLY_ACTIVE_ARCH = YES;
				SDKROOT = iphoneos;
			};
			name = Debug;
		};
		0061403C1B6F16F500C3C943 /* Release */ = {
			isa = XCBuildConfiguration;
			buildSettings = {
				ALWAYS_SEARCH_USER_PATHS = NO;
				CLANG_CXX_LANGUAGE_STANDARD = "gnu++0x";
				CLANG_CXX_LIBRARY = "libc++";
				CLANG_ENABLE_MODULES = YES;
				CLANG_ENABLE_OBJC_ARC = YES;
				CLANG_WARN_BOOL_CONVERSION = YES;
				CLANG_WARN_CONSTANT_CONVERSION = YES;
				CLANG_WARN_DIRECT_OBJC_ISA_USAGE = YES_ERROR;
				CLANG_WARN_EMPTY_BODY = YES;
				CLANG_WARN_ENUM_CONVERSION = YES;
				CLANG_WARN_INT_CONVERSION = YES;
				CLANG_WARN_OBJC_ROOT_CLASS = YES_ERROR;
				CLANG_WARN_UNREACHABLE_CODE = YES;
				CLANG_WARN__DUPLICATE_METHOD_MATCH = YES;
				"CODE_SIGN_IDENTITY[sdk=iphoneos*]" = "iPhone Developer";
				COPY_PHASE_STRIP = NO;
				DEBUG_INFORMATION_FORMAT = "dwarf-with-dsym";
				ENABLE_NS_ASSERTIONS = NO;
				ENABLE_STRICT_OBJC_MSGSEND = YES;
				GCC_C_LANGUAGE_STANDARD = gnu99;
				GCC_NO_COMMON_BLOCKS = YES;
				GCC_WARN_64_TO_32_BIT_CONVERSION = YES;
				GCC_WARN_ABOUT_RETURN_TYPE = YES_ERROR;
				GCC_WARN_UNDECLARED_SELECTOR = YES;
				GCC_WARN_UNINITIALIZED_AUTOS = YES_AGGRESSIVE;
				GCC_WARN_UNUSED_FUNCTION = YES;
				GCC_WARN_UNUSED_VARIABLE = YES;
				IPHONEOS_DEPLOYMENT_TARGET = 8.4;
				MTL_ENABLE_DEBUG_INFO = NO;
				SDKROOT = iphoneos;
				VALIDATE_PRODUCT = YES;
			};
			name = Release;
		};
		0061403E1B6F16F500C3C943 /* Debug */ = {
			isa = XCBuildConfiguration;
			buildSettings = {
				ASSETCATALOG_COMPILER_APPICON_NAME = AppIcon;
				INFOPLIST_FILE = PBFirstProject/Info.plist;
				LD_RUNPATH_SEARCH_PATHS = "$(inherited) @executable_path/Frameworks";
				PRODUCT_NAME = "$(TARGET_NAME)";
			};
			name = Debug;
		};
		0061403F1B6F16F500C3C943 /* Release */ = {
			isa = XCBuildConfiguration;
			buildSettings = {
				ASSETCATALOG_COMPILER_APPICON_NAME = AppIcon;
				INFOPLIST_FILE = PBFirstProject/Info.plist;
				LD_RUNPATH_SEARCH_PATHS = "$(inherited) @executable_path/Frameworks";
				PRODUCT_NAME = "$(TARGET_NAME)";
			};
			name = Release;
		};
		006140411B6F16F500C3C943 /* Debug */ = {
			isa = XCBuildConfiguration;
			buildSettings = {
				BUNDLE_LOADER = "$(TEST_HOST)";
				FRAMEWORK_SEARCH_PATHS = (
					"$(SDKROOT)/Developer/Library/Frameworks",
					"$(inherited)",
				);
				GCC_PREPROCESSOR_DEFINITIONS = (
					"DEBUG=1",
					"$(inherited)",
				);
				INFOPLIST_FILE = PBFirstProjectTests/Info.plist;
				LD_RUNPATH_SEARCH_PATHS = "$(inherited) @executable_path/Frameworks @loader_path/Frameworks";
				PRODUCT_NAME = "$(TARGET_NAME)";
				TEST_HOST = "$(BUILT_PRODUCTS_DIR)/PBFirstProject.app/PBFirstProject";
			};
			name = Debug;
		};
		006140421B6F16F500C3C943 /* Release */ = {
			isa = XCBuildConfiguration;
			buildSettings = {
				BUNDLE_LOADER = "$(TEST_HOST)";
				FRAMEWORK_SEARCH_PATHS = (
					"$(SDKROOT)/Developer/Library/Frameworks",
					"$(inherited)",
				);
				INFOPLIST_FILE = PBFirstProjectTests/Info.plist;
				LD_RUNPATH_SEARCH_PATHS = "$(inherited) @executable_path/Frameworks @loader_path/Frameworks";
				PRODUCT_NAME = "$(TARGET_NAME)";
				TEST_HOST = "$(BUILT_PRODUCTS_DIR)/PBFirstProject.app/PBFirstProject";
			};
			name = Release;
		};
/* End XCBuildConfiguration section */

/* Begin XCConfigurationList section */
		006140121B6F16F500C3C943 /* Build configuration list for PBXProject "PBFirstProject" */ = {
			isa = XCConfigurationList;
			buildConfigurations = (
				0061403B1B6F16F500C3C943 /* Debug */,
				0061403C1B6F16F500C3C943 /* Release */,
			);
			defaultConfigurationIsVisible = 0;
			defaultConfigurationName = Release;
		};
		0061403D1B6F16F500C3C943 /* Build configuration list for PBXNativeTarget "PBFirstProject" */ = {
			isa = XCConfigurationList;
			buildConfigurations = (
				0061403E1B6F16F500C3C943 /* Debug */,
				0061403F1B6F16F500C3C943 /* Release */,
			);
			defaultConfigurationIsVisible = 0;
		};
		006140401B6F16F500C3C943 /* Build configuration list for PBXNativeTarget "PBFirstProjectTests" */ = {
			isa = XCConfigurationList;
			buildConfigurations = (
				006140411B6F16F500C3C943 /* Debug */,
				006140421B6F16F500C3C943 /* Release */,
			);
			defaultConfigurationIsVisible = 0;
		};
/* End XCConfigurationList section */

/* Begin XCVersionGroup section */
		006140211B6F16F500C3C943 /* PBFirstProject.xcdatamodeld */ = {
			isa = XCVersionGroup;
			children = (
				006140221B6F16F500C3C943 /* PBFirstProject.xcdatamodel */,
			);
			currentVersion = 006140221B6F16F500C3C943 /* PBFirstProject.xcdatamodel */;
			path = PBFirstProject.xcdatamodeld;
			sourceTree = "<group>";
			versionGroupType = wrapper.xcdatamodel;
		};
/* End XCVersionGroup section */
	};
	rootObject = 0061400F1B6F16F500C3C943 /* Project object */;
}
